hash: f29cdbd0c4052b700535920d0ff1a411d49d014f412489cb7d35f0911f90f019
updated: 2016-07-12T06:49:07.59334114Z
imports:
- name: github.com/aws/aws-sdk-go
  version: 90dec2183a5f5458ee79cbaf4b8e9ab910bc81a6
  subpackages:
  - aws
  - aws/credentials
  - aws/session
  - service/s3
  - aws/awserr
  - aws/client
  - aws/corehandlers
  - aws/defaults
  - aws/request
  - private/endpoints
  - aws/awsutil
  - aws/client/metadata
  - aws/signer/v4
  - private/protocol
  - private/protocol/restxml
  - private/waiter
  - aws/credentials/ec2rolecreds
  - aws/ec2metadata
  - private/protocol/rest
  - private/protocol/query
  - private/protocol/xml/xmlutil
  - private/protocol/query/queryutil
- name: github.com/bitly/go-simplejson
  version: aabad6e819789e569bd6aabf444c935aa9ba1e44
- name: github.com/boltdb/bolt
  version: acc803f0ced151102ed51bf824f8709ebd6602bc
- name: github.com/eclipse/paho.mqtt.golang
  version: 44eec149d4433449add74781ffc86cc60d3f1598
  subpackages:
  - packets
- name: github.com/go-ini/ini
  version: cf53f9204df4fbdd7ec4164b57fa6184ba168292
- name: github.com/golang/protobuf
  version: 3852dcfda249c2097355a6aabb199a28d97b30df
  subpackages:
  - proto
- name: github.com/hashicorp/consul
  version: 64e3033d3c7f80af3f925f4665a9bc1af75d6153
  subpackages:
  - api
  - watch
- name: github.com/hashicorp/go-cleanhttp
  version: 875fb671b3ddc66f8e2f0acc33829c8cb989a38d
- name: github.com/hashicorp/serf
  version: 6c4672d66fc6312ddde18399262943e21175d831
  subpackages:
  - coordinate
  - serf
- name: github.com/imdario/mergo
  version: 50d4dbd4eb0e84778abe37cefef140271d96fade
- name: github.com/jmespath/go-jmespath
  version: 0b12d6b521d83fc7f755e7cfc1b1fbdd35a01a74
- name: github.com/micro/cli
  version: 3d2263bb092286dde294a31049c92665f8373820
- name: github.com/micro/config-srv
  version: 9af26d18176debfb5e692be708ee62f57d946ed5
  subpackages:
  - proto/config
- name: github.com/micro/go-micro
  version: 32f9546ed5ae9f7d654b8f2dde8251f58b6d917f
  subpackages:
  - client
  - server
  - broker
  - cmd
  - metadata
  - registry
  - selector
  - transport
  - codec
  - codec/jsonrpc
  - codec/protorpc
  - errors
  - server/debug
  - broker/http
  - broker/mqtt
  - registry/consul
  - registry/mdns
  - selector/cache
  - transport/http
  - server/debug/proto
- name: github.com/micro/go-platform
  version: b025950965914f8156e47535005b0280ba73a4e1
  subpackages:
  - config
  - config/source/file
  - config/proto
- name: github.com/micro/mdns
  version: ab413e42fed3fdd8198ac4df3db5a342eb67d6e4
- name: github.com/micro/misc
  version: 677e2a0beb40a3dd7418548fe0cdc661e2922859
  subpackages:
  - lib/tls
- name: github.com/miekg/dns
  version: 75e6e86cc601825c5dbcd4e0c209eab180997cd7
- name: github.com/mitchellh/hashstructure
  version: b098c52ef6beab8cd82bc4a32422cf54b890e8fa
- name: github.com/pborman/uuid
  version: c55201b036063326c5b1b89ccfe45a184973d073
- name: github.com/satori/go.uuid
  version: 879c5887cd475cd7864858769793b2ceb0d44feb
- name: golang.org/x/net
  version: f841c39de738b1d0df95b5a7187744f0e03d8112
  subpackages:
  - context
  - websocket
  - ipv4
  - ipv6
  - bpf
  - internal/iana
- name: golang.org/x/sys
  version: a408501be4d17ee978c04a618e7a1b22af058c0e
  subpackages:
  - unix
- name: gopkg.in/fsnotify.v1
  version: a8a77c9133d2d6fd8334f3260d06f60e8d80a5fb
testImports: []
